
Microsoft Visual Studio Solution File, Format Version 12.00
# Visual Studio Version 17
VisualStudioVersion = 17.3.32825.248
MinimumVisualStudioVersion = 10.0.40219.1
Project("{FAE04EC0-301F-11D3-BF4B-00C04F79EFBC}") = "WinFormsListViewProject", "WinFormsListViewProject\WinFormsListViewProject.csproj", "{720C29DD-6DBB-4E3C-89EA-2B2FF6EE8288}"
EndProject
Global
	GlobalSection(SolutionConfigurationPlatforms) = preSolution
		Debug|Any CPU = Debug|Any CPU
		Release|Any CPU = Release|Any CPU
	EndGlobalSection
	GlobalSection(ProjectConfigurationPlatforms) = postSolution
		{720C29DD-6DBB-4E3C-89EA-2B2FF6EE8288}.Debug|Any CPU.ActiveCfg = Debug|Any CPU
		{720C29DD-6DBB-4E3C-89EA-2B2FF6EE8288}.Debug|Any CPU.Build.0 = Debug|Any CPU
		{720C29DD-6DBB-4E3C-89EA-2B2FF6EE8288}.Release|Any CPU.ActiveCfg = Release|Any CPU
		{720C29DD-6DBB-4E3C-89EA-2B2FF6EE8288}.Release|Any CPU.Build.0 = Release|Any CPU
	EndGlobalSection
	GlobalSection(SolutionProperties) = preSolution
		HideSolutionNode = FALSE
	EndGlobalSection
	GlobalSection(ExtensibilityGlobals) = postSolution
		SolutionGuid = {DA7CD87C-F0AE-4B43-9960-3503A2C1877B}
	EndGlobalSection
EndGlobal
